
Microsoft Visual Studio Solution File, Format Version 12.00
# Visual Studio Version 17
VisualStudioVersion = 17.13.35825.156
MinimumVisualStudioVersion = 10.0.40219.1
Project("{FAE04EC0-301F-11D3-BF4B-00C04F79EFBC}") = "NetSolutions.WebApi", "NetSolutions.WebApi\NetSolutions.WebApi.csproj", "{C12CF1E4-8633-45F6-9D9B-89C8D02CF785}"
EndProject
Global
	GlobalSection(SolutionConfigurationPlatforms) = preSolution
		Debug|Any CPU = Debug|Any CPU
		Release|Any CPU = Release|Any CPU
	EndGlobalSection
	GlobalSection(ProjectConfigurationPlatforms) = postSolution
		{C12CF1E4-8633-45F6-9D9B-89C8D02CF785}.Debug|Any CPU.ActiveCfg = Debug|Any CPU
		{C12CF1E4-8633-45F6-9D9B-89C8D02CF785}.Debug|Any CPU.Build.0 = Debug|Any CPU
		{C12CF1E4-8633-45F6-9D9B-89C8D02CF785}.Release|Any CPU.ActiveCfg = Release|Any CPU
		{C12CF1E4-8633-45F6-9D9B-89C8D02CF785}.Release|Any CPU.Build.0 = Release|Any CPU
	EndGlobalSection
	GlobalSection(SolutionProperties) = preSolution
		HideSolutionNode = FALSE
	EndGlobalSection
	GlobalSection(ExtensibilityGlobals) = postSolution
		SolutionGuid = {38F35FBF-620E-4DC3-A51D-6A5ECD1834EA}
	EndGlobalSection
EndGlobal
